// !$*UTF8*$!
{
	archiveVersion = 1;
	classes = {
	};
	objectVersion = 46;
	objects = {

/* Begin PBXBuildFile section */
		C548C4A51C90D744006C4BB9 /* AppDelegate.swift in Sources */ = {isa = PBXBuildFile; fileRef = C548C4A41C90D744006C4BB9 /* AppDelegate.swift */; };
		C548C4A71C90D744006C4BB9 /* ChecklistViewController.swift in Sources */ = {isa = PBXBuildFile; fileRef = C548C4A61C90D744006C4BB9 /* ChecklistViewController.swift */; };
		C548C4AA1C90D744006C4BB9 /* Main.storyboard in Resources */ = {isa = PBXBuildFile; fileRef = C548C4A81C90D744006C4BB9 /* Main.storyboard */; };
		C548C4AC1C90D744006C4BB9 /* Assets.xcassets in Resources */ = {isa = PBXBuildFile; fileRef = C548C4AB1C90D744006C4BB9 /* Assets.xcassets */; };
		C548C4AF1C90D744006C4BB9 /* LaunchScreen.storyboard in Resources */ = {isa = PBXBuildFile; fileRef = C548C4AD1C90D744006C4BB9 /* LaunchScreen.storyboard */; };
/* End PBXBuildFile section */

/* Begin PBXFileReference section */
		C548C4A11C90D744006C4BB9 /* Checklists.app */ = {isa = PBXFileReference; explicitFileType = wrapper.application; includeInIndex = 0; path = Checklists.app; sourceTree = BUILT_PRODUCTS_DIR; };
		C548C4A41C90D744006C4BB9 /* AppDelegate.swift */ = {isa = PBXFileReference; lastKnownFileType = sourcecode.swift; path = AppDelegate.swift; sourceTree = "<group>"; };
		C548C4A61C90D744006C4BB9 /* ChecklistViewController.swift */ = {isa = PBXFileReference; lastKnownFileType = sourcecode.swift; path = ChecklistViewController.swift; sourceTree = "<group>"; };
		C548C4A91C90D744006C4BB9 /* Base */ = {isa = PBXFileReference; lastKnownFileType = file.storyboard; name = Base; path = Base.lproj/Main.storyboard; sourceTree = "<group>"; };
		C548C4AB1C90D744006C4BB9 /* Assets.xcassets */ = {isa = PBXFileReference; lastKnownFileType = folder.assetcatalog; path = Assets.xcassets; sourceTree = "<group>"; };
		C548C4AE1C90D744006C4BB9 /* Base */ = {isa = PBXFileReference; lastKnownFileType = file.storyboard; name = Base; path = Base.lproj/LaunchScreen.storyboard; sourceTree = "<group>"; };
		C548C4B01C90D744006C4BB9 /* Info.plist */ = {isa = PBXFileReference; lastKnownFileType = text.plist.xml; path = Info.plist; sourceTree = "<group>"; };
/* End PBXFileReference section */

/* Begin PBXFrameworksBuildPhase section */
		C548C49E1C90D744006C4BB9 /* Frameworks */ = {
			isa = PBXFrameworksBuildPhase;
			buildActionMask = 2147483647;
			files = (
			);
			runOnlyForDeploymentPostprocessing = 0;
		};
/* End PBXFrameworksBuildPhase section */

/* Begin PBXGroup section */
		C548C4981C90D743006C4BB9 = {
			isa = PBXGroup;
			children = (
				C548C4A31C90D744006C4BB9 /* Checklists */,
				C548C4A21C90D744006C4BB9 /* Products */,
			);
			sourceTree = "<group>";
		};
		C548C4A21C90D744006C4BB9 /* Products */ = {
			isa = PBXGroup;
			children = (
				C548C4A11C90D744006C4BB9 /* Checklists.app */,
			);
			name = Products;
			sourceTree = "<group>";
		};
		C548C4A31C90D744006C4BB9 /* Checklists */ = {
			isa = PBXGroup;
			children = (
				C548C4A41C90D744006C4BB9 /* AppDelegate.swift */,
				C548C4A61C90D744006C4BB9 /* ChecklistViewController.swift */,
				C548C4A81C90D744006C4BB9 /* Main.storyboard */,
				C548C4AB1C90D744006C4BB9 /* Assets.xcassets */,
				C548C4AD1C90D744006C4BB9 /* LaunchScreen.storyboard */,
				C548C4B01C90D744006C4BB9 /* Info.plist */,
			);
			path = Checklists;
			sourceTree = "<group>";
		};
/* End PBXGroup section */

/* Begin PBXNativeTarget section */
		C548C4A01C90D744006C4BB9 /* Checklists */ = {
			isa = PBXNativeTarget;
			buildConfigurationList = C548C4B31C90D744006C4BB9 /* Build configuration list for PBXNativeTarget "Checklists" */;
			buildPhases = (
				C548C49D1C90D744006C4BB9 /* Sources */,
				C548C49E1C90D744006C4BB9 /* Frameworks */,
				C548C49F1C90D744006C4BB9 /* Resources */,
			);
			buildRules = (
			);
			dependencies = (
			);
			name = Checklists;
			productName = Checklists;
			productReference = C548C4A11C90D744006C4BB9 /* Checklists.app */;
			productType = "com.apple.product-type.application";
		};
/* End PBXNativeTarget section */

/* Begin PBXProject section */
		C548C4991C90D743006C4BB9 /* Project object */ = {
			isa = PBXProject;
			attributes = {
				LastSwiftUpdateCheck = 0720;
				LastUpgradeCheck = 0720;
				ORGANIZATIONNAME = "christopher dwyer-perkins";
				TargetAttributes = {
					C548C4A01C90D744006C4BB9 = {
						CreatedOnToolsVersion = 7.2.1;
						DevelopmentTeam = FM742Z7T4L;
					};
				};
			};
			buildConfigurationList = C548C49C1C90D744006C4BB9 /* Build configuration list for PBXProject "Checklists" */;
			compatibilityVersion = "Xcode 3.2";
			developmentRegion = English;
			hasScannedForEncodings = 0;
			knownRegions = (
				en,
				Base,
			);
			mainGroup = C548C4981C90D743006C4BB9;
			productRefGroup = C548C4A21C90D744006C4BB9 /* Products */;
			projectDirPath = "";
			projectRoot = "";
			targets = (
				C548C4A01C90D744006C4BB9 /* Checklists */,
			);
		};
/* End PBXProject section */

/* Begin PBXResourcesBuildPhase section */
		C548C49F1C90D744006C4BB9 /* Resources */ = {
			isa = PBXResourcesBuildPhase;
			buildActionMask = 2147483647;
			files = (
				C548C4AF1C90D744006C4BB9 /* LaunchScreen.storyboard in Resources */,
				C548C4AC1C90D744006C4BB9 /* Assets.xcassets in Resources */,
				C548C4AA1C90D744006C4BB9 /* Main.storyboard in Resources */,
			);
			runOnlyForDeploymentPostprocessing = 0;
		};
/* End PBXResourcesBuildPhase section */

/* Begin PBXSourcesBuildPhase section */
		C548C49D1C90D744006C4BB9 /* Sources */ = {
			isa = PBXSourcesBuildPhase;
			buildActionMask = 2147483647;
			files = (
				C548C4A71C90D744006C4BB9 /* ChecklistViewController.swift in Sources */,
				C548C4A51C90D744006C4BB9 /* AppDelegate.swift in Sources */,
			);
			runOnlyForDeploymentPostprocessing = 0;
		};
/* End PBXSourcesBuildPhase section */

/* Begin PBXVariantGroup section */
		C548C4A81C90D744006C4BB9 /* Main.storyboard */ = {
			isa = PBXVariantGroup;
			children = (
				C548C4A91C90D744006C4BB9 /* Base */,
			);
			name = Main.storyboard;
			sourceTree = "<group>";
		};
		C548C4AD1C90D744006C4BB9 /* LaunchScreen.storyboard */ = {
			isa = PBXVariantGroup;
			children = (
				C548C4AE1C90D744006C4BB9 /* Base */,
			);
			name = LaunchScreen.storyboard;
			sourceTree = "<group>";
		};
/* End PBXVariantGroup section */

/* Begin XCBuildConfiguration section */
		C548C4B11C90D744006C4BB9 /* Debug */ = {
			isa = XCBuildConfiguration;
			buildSettings = {
				ALWAYS_SEARCH_USER_PATHS = NO;
				CLANG_CXX_LANGUAGE_STANDARD = "gnu++0x";
				CLANG_CXX_LIBRARY = "libc++";
				CLANG_ENABLE_MODULES = YES;
				CLANG_ENABLE_OBJC_ARC = YES;
				CLANG_WARN_BOOL_CONVERSION = YES;
				CLANG_WARN_CONSTANT_CONVERSION = YES;
				CLANG_WARN_DIRECT_OBJC_ISA_USAGE = YES_ERROR;
				CLANG_WARN_EMPTY_BODY = YES;
				CLANG_WARN_ENUM_CONVERSION = YES;
				CLANG_WARN_INT_CONVERSION = YES;
				CLANG_WARN_OBJC_ROOT_CLASS = YES_ERROR;
				CLANG_WARN_UNREACHABLE_CODE = YES;
				CLANG_WARN__DUPLICATE_METHOD_MATCH = YES;
				"CODE_SIGN_IDENTITY[sdk=iphoneos*]" = "iPhone Developer";
				COPY_PHASE_STRIP = NO;
				DEBUG_INFORMATION_FORMAT = dwarf;
				ENABLE_STRICT_OBJC_MSGSEND = YES;
				ENABLE_TESTABILITY = YES;
				GCC_C_LANGUAGE_STANDARD = gnu99;
				GCC_DYNAMIC_NO_PIC = NO;
				GCC_NO_COMMON_BLOCKS = YES;
				GCC_OPTIMIZATION_LEVEL = 0;
				GCC_PREPROCESSOR_DEFINITIONS = (
					"DEBUG=1",
					"$(inherited)",
				);
				GCC_WARN_64_TO_32_BIT_CONVERSION = YES;
				GCC_WARN_ABOUT_RETURN_TYPE = YES_ERROR;
				GCC_WARN_UNDECLARED_SELECTOR = YES;
				GCC_WARN_UNINITIALIZED_AUTOS = YES_AGGRESSIVE;
				GCC_WARN_UNUSED_FUNCTION = YES;
				GCC_WARN_UNUSED_VARIABLE = YES;
				IPHONEOS_DEPLOYMENT_TARGET = 9.2;
				MTL_ENABLE_DEBUG_INFO = YES;
				ONLY_ACTIVE_ARCH = YES;
				SDKROOT = iphoneos;
				SWIFT_OPTIMIZATION_LEVEL = "-Onone";
			};
			name = Debug;
		};
		C548C4B21C90D744006C4BB9 /* Release */ = {
			isa = XCBuildConfiguration;
			buildSettings = {
				ALWAYS_SEARCH_USER_PATHS = NO;
				CLANG_CXX_LANGUAGE_STANDARD = "gnu++0x";
				CLANG_CXX_LIBRARY = "libc++";
				CLANG_ENABLE_MODULES = YES;
				CLANG_ENABLE_OBJC_ARC = YES;
				CLANG_WARN_BOOL_CONVERSION = YES;
				CLANG_WARN_CONSTANT_CONVERSION = YES;
				CLANG_WARN_DIRECT_OBJC_ISA_USAGE = YES_ERROR;
				CLANG_WARN_EMPTY_BODY = YES;
				CLANG_WARN_ENUM_CONVERSION = YES;
				CLANG_WARN_INT_CONVERSION = YES;
				CLANG_WARN_OBJC_ROOT_CLASS = YES_ERROR;
				CLANG_WARN_UNREACHABLE_CODE = YES;
				CLANG_WARN__DUPLICATE_METHOD_MATCH = YES;
				"CODE_SIGN_IDENTITY[sdk=iphoneos*]" = "iPhone Developer";
				COPY_PHASE_STRIP = NO;
				DEBUG_INFORMATION_FORMAT = "dwarf-with-dsym";
				ENABLE_NS_ASSERTIONS = NO;
				ENABLE_STRICT_OBJC_MSGSEND = YES;
				GCC_C_LANGUAGE_STANDARD = gnu99;
				GCC_NO_COMMON_BLOCKS = YES;
				GCC_WARN_64_TO_32_BIT_CONVERSION = YES;
				GCC_WARN_ABOUT_RETURN_TYPE = YES_ERROR;
				GCC_WARN_UNDECLARED_SELECTOR = YES;
				GCC_WARN_UNINITIALIZED_AUTOS = YES_AGGRESSIVE;
				GCC_WARN_UNUSED_FUNCTION = YES;
				GCC_WARN_UNUSED_VARIABLE = YES;
				IPHONEOS_DEPLOYMENT_TARGET = 9.2;
				MTL_ENABLE_DEBUG_INFO = NO;
				SDKROOT = iphoneos;
				VALIDATE_PRODUCT = YES;
			};
			name = Release;
		};
		C548C4B41C90D744006C4BB9 /* Debug */ = {
			isa = XCBuildConfiguration;
			buildSettings = {
				ASSETCATALOG_COMPILER_APPICON_NAME = AppIcon;
				INFOPLIST_FILE = Checklists/Info.plist;
				LD_RUNPATH_SEARCH_PATHS = "$(inherited) @executable_path/Frameworks";
				PRODUCT_BUNDLE_IDENTIFIER = com.chrisdwyerperkins.Checklists;
				PRODUCT_NAME = "$(TARGET_NAME)";
			};
			name = Debug;
		};
		C548C4B51C90D744006C4BB9 /* Release */ = {
			isa = XCBuildConfiguration;
			buildSettings = {
				ASSETCATALOG_COMPILER_APPICON_NAME = AppIcon;
				INFOPLIST_FILE = Checklists/Info.plist;
				LD_RUNPATH_SEARCH_PATHS = "$(inherited) @executable_path/Frameworks";
				PRODUCT_BUNDLE_IDENTIFIER = com.chrisdwyerperkins.Checklists;
				PRODUCT_NAME = "$(TARGET_NAME)";
			};
			name = Release;
		};
/* End XCBuildConfiguration section */

/* Begin XCConfigurationList section */
		C548C49C1C90D744006C4BB9 /* Build configuration list for PBXProject "Checklists" */ = {
			isa = XCConfigurationList;
			buildConfigurations = (
				C548C4B11C90D744006C4BB9 /* Debug */,
				C548C4B21C90D744006C4BB9 /* Release */,
			);
			defaultConfigurationIsVisible = 0;
			defaultConfigurationName = Release;
		};
		C548C4B31C90D744006C4BB9 /* Build configuration list for PBXNativeTarget "Checklists" */ = {
			isa = XCConfigurationList;
			buildConfigurations = (
				C548C4B41C90D744006C4BB9 /* Debug */,
				C548C4B51C90D744006C4BB9 /* Release */,
			);
			defaultConfigurationIsVisible = 0;
		};
/* End XCConfigurationList section */
	};
	rootObject = C548C4991C90D743006C4BB9 /* Project object */;
}
